
Microsoft Visual Studio Solution File, Format Version 12.00
Project("{FAE04EC0-301F-11D3-BF4B-00C04F79EFBC}") = "Gorilla Tag Mod Template", "NoAmbience\Gorilla Tag Mod Template.csproj", "{CFE9BB9B-60AF-453A-BC25-F39ED99FFB19}"
EndProject
Global
	GlobalSection(SolutionConfigurationPlatforms) = preSolution
		Debug|Any CPU = Debug|Any CPU
		Release|Any CPU = Release|Any CPU
	EndGlobalSection
	GlobalSection(ProjectConfigurationPlatforms) = postSolution
		{CFE9BB9B-60AF-453A-BC25-F39ED99FFB19}.Debug|Any CPU.ActiveCfg = Debug|Any CPU
		{CFE9BB9B-60AF-453A-BC25-F39ED99FFB19}.Debug|Any CPU.Build.0 = Debug|Any CPU
		{CFE9BB9B-60AF-453A-BC25-F39ED99FFB19}.Release|Any CPU.ActiveCfg = Release|Any CPU
		{CFE9BB9B-60AF-453A-BC25-F39ED99FFB19}.Release|Any CPU.Build.0 = Release|Any CPU
	EndGlobalSection
EndGlobal
